{
  "name": "RoamRover",
  "lockfileVersion": 3,
  "requires": true,
  "packages": {
    "": {
      "dependencies": {
        "@react-navigation/native-stack": "^6.9.17"
      }
    },
    "node_modules/@react-navigation/elements": {
      "version": "1.3.21",
      "resolved": "https://registry.npmjs.org/@react-navigation/elements/-/elements-1.3.21.tgz",
      "integrity": "sha512-eyS2C6McNR8ihUoYfc166O1D8VYVh9KIl0UQPI8/ZJVsStlfSTgeEEh+WXge6+7SFPnZ4ewzEJdSAHH+jzcEfg==",
      "peerDependencies": {
        "@react-navigation/native": "^6.0.0",
        "react": "*",
        "react-native": "*",
        "react-native-safe-area-context": ">= 3.0.0"
      }
    },
    "node_modules/@react-navigation/native-stack": {
      "version": "6.9.17",
      "resolved": "https://registry.npmjs.org/@react-navigation/native-stack/-/native-stack-6.9.17.tgz",
      "integrity": "sha512-X8p8aS7JptQq7uZZNFEvfEcPf6tlK4PyVwYDdryRbG98B4bh2wFQYMThxvqa+FGEN7USEuHdv2mF0GhFKfX0ew==",
      "dependencies": {
        "@react-navigation/elements": "^1.3.21",
        "warn-once": "^0.1.0"
      },
      "peerDependencies": {
        "@react-navigation/native": "^6.0.0",
        "react": "*",
        "react-native": "*",
        "react-native-safe-area-context": ">= 3.0.0",
        "react-native-screens": ">= 3.0.0"
      }
    },
    "node_modules/warn-once": {
      "version": "0.1.1",
      "resolved": "https://registry.npmjs.org/warn-once/-/warn-once-0.1.1.tgz",
      "integrity": "sha512-VkQZJbO8zVImzYFteBXvBOZEl1qL175WH8VmZcxF2fZAoudNhNDvHi+doCaAEdU2l2vtcIwa2zn0QK5+I1HQ3Q=="
    }
  }
}
